lockfileVersion: '9.0'

settings:
  autoInstallPeers: true
  excludeLinksFromLockfile: false

importers:

  .:
    dependencies:
      tailwindcss-stimulus-components:
        specifier: ^3.0.4
        version: 3.0.4(@hotwired/stimulus@3.2.2)

packages:

  '@hotwired/stimulus@3.2.2':
    resolution: {integrity: sha512-eGeIqNOQpXoPAIP7tC1+1Yc1yl1xnwYqg+3mzqxyrbE5pg5YFBZcA6YoTiByJB6DKAEsiWtl6tjTJS4IYtbB7A==}

  tailwindcss-stimulus-components@3.0.4:
    resolution: {integrity: sha512-kv4CHEcTvZSmthV6PseSdnW/QqKh237fZrvbNKNhWeYsTuEnOrKvdbR+3CmpuTok7L4XgEXk+XOFfo7AMhhtAA==}
    peerDependencies:
      '@hotwired/stimulus': '>=3.0.0'

snapshots:

  '@hotwired/stimulus@3.2.2': {}

  tailwindcss-stimulus-components@3.0.4(@hotwired/stimulus@3.2.2):
    dependencies:
      '@hotwired/stimulus': 3.2.2
